
Microsoft Visual Studio Solution File, Format Version 12.00
# Visual Studio Version 17
VisualStudioVersion = 17.0.31903.59
MinimumVisualStudioVersion = 10.0.40219.1
Project("{2150E333-8FDC-42A3-9474-1A3956D46DE8}") = "src", "src", "{827E0CD3-B72D-47B6-A68D-7590B98EB39B}"
EndProject
Project("{2150E333-8FDC-42A3-9474-1A3956D46DE8}") = "Persistence", "Persistence", "{3E0CD5C0-FD38-4AE9-8C3F-B97473233B07}"
EndProject
Project("{2150E333-8FDC-42A3-9474-1A3956D46DE8}") = "Infrastructure", "Infrastructure", "{258E471D-F3C6-49CE-B314-3C56AC8915CC}"
EndProject
Project("{FAE04EC0-301F-11D3-BF4B-00C04F79EFBC}") = "MembershipPlatform.Storage.Local", "src\Infrastructure\MembershipPlatform.Storage.Local\MembershipPlatform.Storage.Local.csproj", "{AE7CA777-7E41-4400-83A1-9032C36D9115}"
EndProject
Project("{FAE04EC0-301F-11D3-BF4B-00C04F79EFBC}") = "MembershipPlatform.Api", "src\MembershipPlatform.Api\MembershipPlatform.Api.csproj", "{54B0E03E-A899-42DC-AA7A-BBA2AF301A89}"
EndProject
Project("{FAE04EC0-301F-11D3-BF4B-00C04F79EFBC}") = "MembershipPlatform.Application", "src\MembershipPlatform.Application\MembershipPlatform.Application.csproj", "{7CCE1F89-3015-48C3-BDCA-171FFC5263AB}"
EndProject
Project("{FAE04EC0-301F-11D3-BF4B-00C04F79EFBC}") = "MembershipPlatform.Core", "src\MembershipPlatform.Core\MembershipPlatform.Core.csproj", "{71ECECF8-74B1-4582-8D22-FBCA761D5707}"
EndProject
Project("{FAE04EC0-301F-11D3-BF4B-00C04F79EFBC}") = "MembershipPlatform.Data.SqlServer", "src\Persistence\MembershipPlatform.Data.SqlServer\MembershipPlatform.Data.SqlServer.csproj", "{982C2F87-2A01-4581-909D-C04A7F5CB036}"
EndProject
Project("{2150E333-8FDC-42A3-9474-1A3956D46DE8}") = "tests", "tests", "{0AB3BF05-4346-4AA6-1389-037BE0695223}"
EndProject
Project("{2150E333-8FDC-42A3-9474-1A3956D46DE8}") = "Persistence", "Persistence", "{7FF4330C-94B1-44BD-B5DE-B55FEE90A7B2}"
EndProject
Project("{2150E333-8FDC-42A3-9474-1A3956D46DE8}") = "Infrastructure", "Infrastructure", "{D1C46E77-6596-492E-BC42-8EA8AD2D900F}"
EndProject
Project("{FAE04EC0-301F-11D3-BF4B-00C04F79EFBC}") = "MembershipPlatform.Storage.Local.Tests", "tests\Infrastructure\MembershipPlatform.Storage.Local.Tests\MembershipPlatform.Storage.Local.Tests.csproj", "{37B7A4C7-7312-4EE5-A007-0A6F152D7012}"
EndProject
Project("{FAE04EC0-301F-11D3-BF4B-00C04F79EFBC}") = "MembershipPlatform.Application.Tests", "tests\MembershipPlatform.Application.Tests\MembershipPlatform.Application.Tests.csproj", "{72A060D5-0D77-4D65-A88C-17883247AA18}"
EndProject
Project("{FAE04EC0-301F-11D3-BF4B-00C04F79EFBC}") = "MembershipPlatform.Data.Mongo", "src\Persistence\MembershipPlatform.Data.Mongo\MembershipPlatform.Data.Mongo.csproj", "{4B63CEDE-E9DB-4ADD-9F38-F860C99394C9}"
EndProject
Project("{FAE04EC0-301F-11D3-BF4B-00C04F79EFBC}") = "MembershipPlatform.Data.Sqlite", "src\Persistence\MembershipPlatform.Data.Sqlite\MembershipPlatform.Data.Sqlite.csproj", "{C8D4A732-F94E-4C24-A695-73CACE560BE3}"
EndProject
Project("{FAE04EC0-301F-11D3-BF4B-00C04F79EFBC}") = "MembershipPlatform.Data.Sqlite.Tests", "tests\Persistence\MembershipPlatform.Data.Sqlite.Tests\MembershipPlatform.Data.Sqlite.Tests.csproj", "{CCC35FB8-B535-4F35-B6FF-6A920BB91EE7}"
EndProject
Project("{2150E333-8FDC-42A3-9474-1A3956D46DE8}") = "Clients", "Clients", "{6A7102E4-ECC1-416D-BA0C-60C696B1B2CC}"
EndProject
Project("{FAE04EC0-301F-11D3-BF4B-00C04F79EFBC}") = "MembershipPlatform.Web", "src\Clients\MembershipPlatform.Web\MembershipPlatform.Web.csproj", "{435E4D75-6EFF-4F25-B568-E72870883E0C}"
EndProject
Project("{FAE04EC0-301F-11D3-BF4B-00C04F79EFBC}") = "MembershipPlatform.Blazor", "src\Clients\MembershipPlatform.Blazor\MembershipPlatform.Blazor.csproj", "{5A4FB1F2-32A7-4BCC-8A4E-243511497B08}"
EndProject
Project("{2150E333-8FDC-42A3-9474-1A3956D46DE8}") = "Clients", "Clients", "{87883A89-252E-2C05-88A3-55397183471B}"
EndProject
Project("{FAE04EC0-301F-11D3-BF4B-00C04F79EFBC}") = "MembershipPlatform.Web.Tests", "tests\Clients\MembershipPlatform.Web.Tests\MembershipPlatform.Web.Tests.csproj", "{AC2C52BD-19FB-6C7C-2D71-8081065DFCD2}"
EndProject
Global
	GlobalSection(SolutionConfigurationPlatforms) = preSolution
		Debug|Any CPU = Debug|Any CPU
		Debug|x64 = Debug|x64
		Debug|x86 = Debug|x86
		Release|Any CPU = Release|Any CPU
		Release|x64 = Release|x64
		Release|x86 = Release|x86
	EndGlobalSection
	GlobalSection(ProjectConfigurationPlatforms) = postSolution
		{AE7CA777-7E41-4400-83A1-9032C36D9115}.Debug|Any CPU.ActiveCfg = Debug|Any CPU
		{AE7CA777-7E41-4400-83A1-9032C36D9115}.Debug|Any CPU.Build.0 = Debug|Any CPU
		{AE7CA777-7E41-4400-83A1-9032C36D9115}.Debug|x64.ActiveCfg = Debug|Any CPU
		{AE7CA777-7E41-4400-83A1-9032C36D9115}.Debug|x64.Build.0 = Debug|Any CPU
		{AE7CA777-7E41-4400-83A1-9032C36D9115}.Debug|x86.ActiveCfg = Debug|Any CPU
		{AE7CA777-7E41-4400-83A1-9032C36D9115}.Debug|x86.Build.0 = Debug|Any CPU
		{AE7CA777-7E41-4400-83A1-9032C36D9115}.Release|Any CPU.ActiveCfg = Release|Any CPU
		{AE7CA777-7E41-4400-83A1-9032C36D9115}.Release|Any CPU.Build.0 = Release|Any CPU
		{AE7CA777-7E41-4400-83A1-9032C36D9115}.Release|x64.ActiveCfg = Release|Any CPU
		{AE7CA777-7E41-4400-83A1-9032C36D9115}.Release|x64.Build.0 = Release|Any CPU
		{AE7CA777-7E41-4400-83A1-9032C36D9115}.Release|x86.ActiveCfg = Release|Any CPU
		{AE7CA777-7E41-4400-83A1-9032C36D9115}.Release|x86.Build.0 = Release|Any CPU
		{54B0E03E-A899-42DC-AA7A-BBA2AF301A89}.Debug|Any CPU.ActiveCfg = Debug|Any CPU
		{54B0E03E-A899-42DC-AA7A-BBA2AF301A89}.Debug|Any CPU.Build.0 = Debug|Any CPU
		{54B0E03E-A899-42DC-AA7A-BBA2AF301A89}.Debug|x64.ActiveCfg = Debug|Any CPU
		{54B0E03E-A899-42DC-AA7A-BBA2AF301A89}.Debug|x64.Build.0 = Debug|Any CPU
		{54B0E03E-A899-42DC-AA7A-BBA2AF301A89}.Debug|x86.ActiveCfg = Debug|Any CPU
		{54B0E03E-A899-42DC-AA7A-BBA2AF301A89}.Debug|x86.Build.0 = Debug|Any CPU
		{54B0E03E-A899-42DC-AA7A-BBA2AF301A89}.Release|Any CPU.ActiveCfg = Release|Any CPU
		{54B0E03E-A899-42DC-AA7A-BBA2AF301A89}.Release|Any CPU.Build.0 = Release|Any CPU
		{54B0E03E-A899-42DC-AA7A-BBA2AF301A89}.Release|x64.ActiveCfg = Release|Any CPU
		{54B0E03E-A899-42DC-AA7A-BBA2AF301A89}.Release|x64.Build.0 = Release|Any CPU
		{54B0E03E-A899-42DC-AA7A-BBA2AF301A89}.Release|x86.ActiveCfg = Release|Any CPU
		{54B0E03E-A899-42DC-AA7A-BBA2AF301A89}.Release|x86.Build.0 = Release|Any CPU
		{7CCE1F89-3015-48C3-BDCA-171FFC5263AB}.Debug|Any CPU.ActiveCfg = Debug|Any CPU
		{7CCE1F89-3015-48C3-BDCA-171FFC5263AB}.Debug|Any CPU.Build.0 = Debug|Any CPU
		{7CCE1F89-3015-48C3-BDCA-171FFC5263AB}.Debug|x64.ActiveCfg = Debug|Any CPU
		{7CCE1F89-3015-48C3-BDCA-171FFC5263AB}.Debug|x64.Build.0 = Debug|Any CPU
		{7CCE1F89-3015-48C3-BDCA-171FFC5263AB}.Debug|x86.ActiveCfg = Debug|Any CPU
		{7CCE1F89-3015-48C3-BDCA-171FFC5263AB}.Debug|x86.Build.0 = Debug|Any CPU
		{7CCE1F89-3015-48C3-BDCA-171FFC5263AB}.Release|Any CPU.ActiveCfg = Release|Any CPU
		{7CCE1F89-3015-48C3-BDCA-171FFC5263AB}.Release|Any CPU.Build.0 = Release|Any CPU
		{7CCE1F89-3015-48C3-BDCA-171FFC5263AB}.Release|x64.ActiveCfg = Release|Any CPU
		{7CCE1F89-3015-48C3-BDCA-171FFC5263AB}.Release|x64.Build.0 = Release|Any CPU
		{7CCE1F89-3015-48C3-BDCA-171FFC5263AB}.Release|x86.ActiveCfg = Release|Any CPU
		{7CCE1F89-3015-48C3-BDCA-171FFC5263AB}.Release|x86.Build.0 = Release|Any CPU
		{71ECECF8-74B1-4582-8D22-FBCA761D5707}.Debug|Any CPU.ActiveCfg = Debug|Any CPU
		{71ECECF8-74B1-4582-8D22-FBCA761D5707}.Debug|Any CPU.Build.0 = Debug|Any CPU
		{71ECECF8-74B1-4582-8D22-FBCA761D5707}.Debug|x64.ActiveCfg = Debug|Any CPU
		{71ECECF8-74B1-4582-8D22-FBCA761D5707}.Debug|x64.Build.0 = Debug|Any CPU
		{71ECECF8-74B1-4582-8D22-FBCA761D5707}.Debug|x86.ActiveCfg = Debug|Any CPU
		{71ECECF8-74B1-4582-8D22-FBCA761D5707}.Debug|x86.Build.0 = Debug|Any CPU
		{71ECECF8-74B1-4582-8D22-FBCA761D5707}.Release|Any CPU.ActiveCfg = Release|Any CPU
		{71ECECF8-74B1-4582-8D22-FBCA761D5707}.Release|Any CPU.Build.0 = Release|Any CPU
		{71ECECF8-74B1-4582-8D22-FBCA761D5707}.Release|x64.ActiveCfg = Release|Any CPU
		{71ECECF8-74B1-4582-8D22-FBCA761D5707}.Release|x64.Build.0 = Release|Any CPU
		{71ECECF8-74B1-4582-8D22-FBCA761D5707}.Release|x86.ActiveCfg = Release|Any CPU
		{71ECECF8-74B1-4582-8D22-FBCA761D5707}.Release|x86.Build.0 = Release|Any CPU
		{982C2F87-2A01-4581-909D-C04A7F5CB036}.Debug|Any CPU.ActiveCfg = Debug|Any CPU
		{982C2F87-2A01-4581-909D-C04A7F5CB036}.Debug|Any CPU.Build.0 = Debug|Any CPU
		{982C2F87-2A01-4581-909D-C04A7F5CB036}.Debug|x64.ActiveCfg = Debug|Any CPU
		{982C2F87-2A01-4581-909D-C04A7F5CB036}.Debug|x64.Build.0 = Debug|Any CPU
		{982C2F87-2A01-4581-909D-C04A7F5CB036}.Debug|x86.ActiveCfg = Debug|Any CPU
		{982C2F87-2A01-4581-909D-C04A7F5CB036}.Debug|x86.Build.0 = Debug|Any CPU
		{982C2F87-2A01-4581-909D-C04A7F5CB036}.Release|Any CPU.ActiveCfg = Release|Any CPU
		{982C2F87-2A01-4581-909D-C04A7F5CB036}.Release|Any CPU.Build.0 = Release|Any CPU
		{982C2F87-2A01-4581-909D-C04A7F5CB036}.Release|x64.ActiveCfg = Release|Any CPU
		{982C2F87-2A01-4581-909D-C04A7F5CB036}.Release|x64.Build.0 = Release|Any CPU
		{982C2F87-2A01-4581-909D-C04A7F5CB036}.Release|x86.ActiveCfg = Release|Any CPU
		{982C2F87-2A01-4581-909D-C04A7F5CB036}.Release|x86.Build.0 = Release|Any CPU
		{37B7A4C7-7312-4EE5-A007-0A6F152D7012}.Debug|Any CPU.ActiveCfg = Debug|Any CPU
		{37B7A4C7-7312-4EE5-A007-0A6F152D7012}.Debug|Any CPU.Build.0 = Debug|Any CPU
		{37B7A4C7-7312-4EE5-A007-0A6F152D7012}.Debug|x64.ActiveCfg = Debug|Any CPU
		{37B7A4C7-7312-4EE5-A007-0A6F152D7012}.Debug|x64.Build.0 = Debug|Any CPU
		{37B7A4C7-7312-4EE5-A007-0A6F152D7012}.Debug|x86.ActiveCfg = Debug|Any CPU
		{37B7A4C7-7312-4EE5-A007-0A6F152D7012}.Debug|x86.Build.0 = Debug|Any CPU
		{37B7A4C7-7312-4EE5-A007-0A6F152D7012}.Release|Any CPU.ActiveCfg = Release|Any CPU
		{37B7A4C7-7312-4EE5-A007-0A6F152D7012}.Release|Any CPU.Build.0 = Release|Any CPU
		{37B7A4C7-7312-4EE5-A007-0A6F152D7012}.Release|x64.ActiveCfg = Release|Any CPU
		{37B7A4C7-7312-4EE5-A007-0A6F152D7012}.Release|x64.Build.0 = Release|Any CPU
		{37B7A4C7-7312-4EE5-A007-0A6F152D7012}.Release|x86.ActiveCfg = Release|Any CPU
		{37B7A4C7-7312-4EE5-A007-0A6F152D7012}.Release|x86.Build.0 = Release|Any CPU
		{72A060D5-0D77-4D65-A88C-17883247AA18}.Debug|Any CPU.ActiveCfg = Debug|Any CPU
		{72A060D5-0D77-4D65-A88C-17883247AA18}.Debug|Any CPU.Build.0 = Debug|Any CPU
		{72A060D5-0D77-4D65-A88C-17883247AA18}.Debug|x64.ActiveCfg = Debug|Any CPU
		{72A060D5-0D77-4D65-A88C-17883247AA18}.Debug|x64.Build.0 = Debug|Any CPU
		{72A060D5-0D77-4D65-A88C-17883247AA18}.Debug|x86.ActiveCfg = Debug|Any CPU
		{72A060D5-0D77-4D65-A88C-17883247AA18}.Debug|x86.Build.0 = Debug|Any CPU
		{72A060D5-0D77-4D65-A88C-17883247AA18}.Release|Any CPU.ActiveCfg = Release|Any CPU
		{72A060D5-0D77-4D65-A88C-17883247AA18}.Release|Any CPU.Build.0 = Release|Any CPU
		{72A060D5-0D77-4D65-A88C-17883247AA18}.Release|x64.ActiveCfg = Release|Any CPU
		{72A060D5-0D77-4D65-A88C-17883247AA18}.Release|x64.Build.0 = Release|Any CPU
		{72A060D5-0D77-4D65-A88C-17883247AA18}.Release|x86.ActiveCfg = Release|Any CPU
		{72A060D5-0D77-4D65-A88C-17883247AA18}.Release|x86.Build.0 = Release|Any CPU
		{4B63CEDE-E9DB-4ADD-9F38-F860C99394C9}.Debug|Any CPU.ActiveCfg = Debug|Any CPU
		{4B63CEDE-E9DB-4ADD-9F38-F860C99394C9}.Debug|Any CPU.Build.0 = Debug|Any CPU
		{4B63CEDE-E9DB-4ADD-9F38-F860C99394C9}.Debug|x64.ActiveCfg = Debug|Any CPU
		{4B63CEDE-E9DB-4ADD-9F38-F860C99394C9}.Debug|x64.Build.0 = Debug|Any CPU
		{4B63CEDE-E9DB-4ADD-9F38-F860C99394C9}.Debug|x86.ActiveCfg = Debug|Any CPU
		{4B63CEDE-E9DB-4ADD-9F38-F860C99394C9}.Debug|x86.Build.0 = Debug|Any CPU
		{4B63CEDE-E9DB-4ADD-9F38-F860C99394C9}.Release|Any CPU.ActiveCfg = Release|Any CPU
		{4B63CEDE-E9DB-4ADD-9F38-F860C99394C9}.Release|Any CPU.Build.0 = Release|Any CPU
		{4B63CEDE-E9DB-4ADD-9F38-F860C99394C9}.Release|x64.ActiveCfg = Release|Any CPU
		{4B63CEDE-E9DB-4ADD-9F38-F860C99394C9}.Release|x64.Build.0 = Release|Any CPU
		{4B63CEDE-E9DB-4ADD-9F38-F860C99394C9}.Release|x86.ActiveCfg = Release|Any CPU
		{4B63CEDE-E9DB-4ADD-9F38-F860C99394C9}.Release|x86.Build.0 = Release|Any CPU
		{C8D4A732-F94E-4C24-A695-73CACE560BE3}.Debug|Any CPU.ActiveCfg = Debug|Any CPU
		{C8D4A732-F94E-4C24-A695-73CACE560BE3}.Debug|Any CPU.Build.0 = Debug|Any CPU
		{C8D4A732-F94E-4C24-A695-73CACE560BE3}.Debug|x64.ActiveCfg = Debug|Any CPU
		{C8D4A732-F94E-4C24-A695-73CACE560BE3}.Debug|x64.Build.0 = Debug|Any CPU
		{C8D4A732-F94E-4C24-A695-73CACE560BE3}.Debug|x86.ActiveCfg = Debug|Any CPU
		{C8D4A732-F94E-4C24-A695-73CACE560BE3}.Debug|x86.Build.0 = Debug|Any CPU
		{C8D4A732-F94E-4C24-A695-73CACE560BE3}.Release|Any CPU.ActiveCfg = Release|Any CPU
		{C8D4A732-F94E-4C24-A695-73CACE560BE3}.Release|Any CPU.Build.0 = Release|Any CPU
		{C8D4A732-F94E-4C24-A695-73CACE560BE3}.Release|x64.ActiveCfg = Release|Any CPU
		{C8D4A732-F94E-4C24-A695-73CACE560BE3}.Release|x64.Build.0 = Release|Any CPU
		{C8D4A732-F94E-4C24-A695-73CACE560BE3}.Release|x86.ActiveCfg = Release|Any CPU
		{C8D4A732-F94E-4C24-A695-73CACE560BE3}.Release|x86.Build.0 = Release|Any CPU
		{CCC35FB8-B535-4F35-B6FF-6A920BB91EE7}.Debug|Any CPU.ActiveCfg = Debug|Any CPU
		{CCC35FB8-B535-4F35-B6FF-6A920BB91EE7}.Debug|Any CPU.Build.0 = Debug|Any CPU
		{CCC35FB8-B535-4F35-B6FF-6A920BB91EE7}.Debug|x64.ActiveCfg = Debug|Any CPU
		{CCC35FB8-B535-4F35-B6FF-6A920BB91EE7}.Debug|x64.Build.0 = Debug|Any CPU
		{CCC35FB8-B535-4F35-B6FF-6A920BB91EE7}.Debug|x86.ActiveCfg = Debug|Any CPU
		{CCC35FB8-B535-4F35-B6FF-6A920BB91EE7}.Debug|x86.Build.0 = Debug|Any CPU
		{CCC35FB8-B535-4F35-B6FF-6A920BB91EE7}.Release|Any CPU.ActiveCfg = Release|Any CPU
		{CCC35FB8-B535-4F35-B6FF-6A920BB91EE7}.Release|Any CPU.Build.0 = Release|Any CPU
		{CCC35FB8-B535-4F35-B6FF-6A920BB91EE7}.Release|x64.ActiveCfg = Release|Any CPU
		{CCC35FB8-B535-4F35-B6FF-6A920BB91EE7}.Release|x64.Build.0 = Release|Any CPU
		{CCC35FB8-B535-4F35-B6FF-6A920BB91EE7}.Release|x86.ActiveCfg = Release|Any CPU
		{CCC35FB8-B535-4F35-B6FF-6A920BB91EE7}.Release|x86.Build.0 = Release|Any CPU
		{435E4D75-6EFF-4F25-B568-E72870883E0C}.Debug|Any CPU.ActiveCfg = Debug|Any CPU
		{435E4D75-6EFF-4F25-B568-E72870883E0C}.Debug|Any CPU.Build.0 = Debug|Any CPU
		{435E4D75-6EFF-4F25-B568-E72870883E0C}.Debug|x64.ActiveCfg = Debug|Any CPU
		{435E4D75-6EFF-4F25-B568-E72870883E0C}.Debug|x64.Build.0 = Debug|Any CPU
		{435E4D75-6EFF-4F25-B568-E72870883E0C}.Debug|x86.ActiveCfg = Debug|Any CPU
		{435E4D75-6EFF-4F25-B568-E72870883E0C}.Debug|x86.Build.0 = Debug|Any CPU
		{435E4D75-6EFF-4F25-B568-E72870883E0C}.Release|Any CPU.ActiveCfg = Release|Any CPU
		{435E4D75-6EFF-4F25-B568-E72870883E0C}.Release|Any CPU.Build.0 = Release|Any CPU
		{435E4D75-6EFF-4F25-B568-E72870883E0C}.Release|x64.ActiveCfg = Release|Any CPU
		{435E4D75-6EFF-4F25-B568-E72870883E0C}.Release|x64.Build.0 = Release|Any CPU
		{435E4D75-6EFF-4F25-B568-E72870883E0C}.Release|x86.ActiveCfg = Release|Any CPU
		{435E4D75-6EFF-4F25-B568-E72870883E0C}.Release|x86.Build.0 = Release|Any CPU
		{5A4FB1F2-32A7-4BCC-8A4E-243511497B08}.Debug|Any CPU.ActiveCfg = Debug|Any CPU
		{5A4FB1F2-32A7-4BCC-8A4E-243511497B08}.Debug|Any CPU.Build.0 = Debug|Any CPU
		{5A4FB1F2-32A7-4BCC-8A4E-243511497B08}.Debug|x64.ActiveCfg = Debug|Any CPU
		{5A4FB1F2-32A7-4BCC-8A4E-243511497B08}.Debug|x64.Build.0 = Debug|Any CPU
		{5A4FB1F2-32A7-4BCC-8A4E-243511497B08}.Debug|x86.ActiveCfg = Debug|Any CPU
		{5A4FB1F2-32A7-4BCC-8A4E-243511497B08}.Debug|x86.Build.0 = Debug|Any CPU
		{5A4FB1F2-32A7-4BCC-8A4E-243511497B08}.Release|Any CPU.ActiveCfg = Release|Any CPU
		{5A4FB1F2-32A7-4BCC-8A4E-243511497B08}.Release|Any CPU.Build.0 = Release|Any CPU
		{5A4FB1F2-32A7-4BCC-8A4E-243511497B08}.Release|x64.ActiveCfg = Release|Any CPU
		{5A4FB1F2-32A7-4BCC-8A4E-243511497B08}.Release|x64.Build.0 = Release|Any CPU
		{5A4FB1F2-32A7-4BCC-8A4E-243511497B08}.Release|x86.ActiveCfg = Release|Any CPU
		{5A4FB1F2-32A7-4BCC-8A4E-243511497B08}.Release|x86.Build.0 = Release|Any CPU
		{AC2C52BD-19FB-6C7C-2D71-8081065DFCD2}.Debug|Any CPU.ActiveCfg = Debug|Any CPU
		{AC2C52BD-19FB-6C7C-2D71-8081065DFCD2}.Debug|Any CPU.Build.0 = Debug|Any CPU
		{AC2C52BD-19FB-6C7C-2D71-8081065DFCD2}.Debug|x64.ActiveCfg = Debug|Any CPU
		{AC2C52BD-19FB-6C7C-2D71-8081065DFCD2}.Debug|x64.Build.0 = Debug|Any CPU
		{AC2C52BD-19FB-6C7C-2D71-8081065DFCD2}.Debug|x86.ActiveCfg = Debug|Any CPU
		{AC2C52BD-19FB-6C7C-2D71-8081065DFCD2}.Debug|x86.Build.0 = Debug|Any CPU
		{AC2C52BD-19FB-6C7C-2D71-8081065DFCD2}.Release|Any CPU.ActiveCfg = Release|Any CPU
		{AC2C52BD-19FB-6C7C-2D71-8081065DFCD2}.Release|Any CPU.Build.0 = Release|Any CPU
		{AC2C52BD-19FB-6C7C-2D71-8081065DFCD2}.Release|x64.ActiveCfg = Release|Any CPU
		{AC2C52BD-19FB-6C7C-2D71-8081065DFCD2}.Release|x64.Build.0 = Release|Any CPU
		{AC2C52BD-19FB-6C7C-2D71-8081065DFCD2}.Release|x86.ActiveCfg = Release|Any CPU
		{AC2C52BD-19FB-6C7C-2D71-8081065DFCD2}.Release|x86.Build.0 = Release|Any CPU
	EndGlobalSection
	GlobalSection(SolutionProperties) = preSolution
		HideSolutionNode = FALSE
	EndGlobalSection
	GlobalSection(NestedProjects) = preSolution
		{3E0CD5C0-FD38-4AE9-8C3F-B97473233B07} = {827E0CD3-B72D-47B6-A68D-7590B98EB39B}
		{258E471D-F3C6-49CE-B314-3C56AC8915CC} = {827E0CD3-B72D-47B6-A68D-7590B98EB39B}
		{AE7CA777-7E41-4400-83A1-9032C36D9115} = {258E471D-F3C6-49CE-B314-3C56AC8915CC}
		{54B0E03E-A899-42DC-AA7A-BBA2AF301A89} = {827E0CD3-B72D-47B6-A68D-7590B98EB39B}
		{7CCE1F89-3015-48C3-BDCA-171FFC5263AB} = {827E0CD3-B72D-47B6-A68D-7590B98EB39B}
		{71ECECF8-74B1-4582-8D22-FBCA761D5707} = {827E0CD3-B72D-47B6-A68D-7590B98EB39B}
		{982C2F87-2A01-4581-909D-C04A7F5CB036} = {3E0CD5C0-FD38-4AE9-8C3F-B97473233B07}
		{7FF4330C-94B1-44BD-B5DE-B55FEE90A7B2} = {0AB3BF05-4346-4AA6-1389-037BE0695223}
		{D1C46E77-6596-492E-BC42-8EA8AD2D900F} = {0AB3BF05-4346-4AA6-1389-037BE0695223}
		{37B7A4C7-7312-4EE5-A007-0A6F152D7012} = {D1C46E77-6596-492E-BC42-8EA8AD2D900F}
		{72A060D5-0D77-4D65-A88C-17883247AA18} = {0AB3BF05-4346-4AA6-1389-037BE0695223}
		{4B63CEDE-E9DB-4ADD-9F38-F860C99394C9} = {3E0CD5C0-FD38-4AE9-8C3F-B97473233B07}
		{C8D4A732-F94E-4C24-A695-73CACE560BE3} = {3E0CD5C0-FD38-4AE9-8C3F-B97473233B07}
		{CCC35FB8-B535-4F35-B6FF-6A920BB91EE7} = {7FF4330C-94B1-44BD-B5DE-B55FEE90A7B2}
		{6A7102E4-ECC1-416D-BA0C-60C696B1B2CC} = {827E0CD3-B72D-47B6-A68D-7590B98EB39B}
		{435E4D75-6EFF-4F25-B568-E72870883E0C} = {6A7102E4-ECC1-416D-BA0C-60C696B1B2CC}
		{5A4FB1F2-32A7-4BCC-8A4E-243511497B08} = {6A7102E4-ECC1-416D-BA0C-60C696B1B2CC}
		{87883A89-252E-2C05-88A3-55397183471B} = {0AB3BF05-4346-4AA6-1389-037BE0695223}
		{AC2C52BD-19FB-6C7C-2D71-8081065DFCD2} = {87883A89-252E-2C05-88A3-55397183471B}
	EndGlobalSection
	GlobalSection(ExtensibilityGlobals) = postSolution
		SolutionGuid = {FCA09090-0737-4F4A-B0B8-F5703D518313}
	EndGlobalSection
EndGlobal
